// !$*UTF8*$!
{
	archiveVersion = 1;
	classes = {
	};
	objectVersion = 46;
	objects = {

/* Begin PBXBuildFile section */
		3DB78BDA1DC26E4800F4EA32 /* AppDelegate.m in Sources */ = {isa = PBXBuildFile; fileRef = 3DB78BD91DC26E4800F4EA32 /* AppDelegate.m */; };
		3DB78BDD1DC26E4800F4EA32 /* main.m in Sources */ = {isa = PBXBuildFile; fileRef = 3DB78BDC1DC26E4800F4EA32 /* main.m */; };
		3DB78BDF1DC26E4800F4EA32 /* Assets.xcassets in Resources */ = {isa = PBXBuildFile; fileRef = 3DB78BDE1DC26E4800F4EA32 /* Assets.xcassets */; };
		3DB78BE21DC26E4800F4EA32 /* MainMenu.xib in Resources */ = {isa = PBXBuildFile; fileRef = 3DB78BE01DC26E4800F4EA32 /* MainMenu.xib */; };
		3DB78BED1DC26F1100F4EA32 /* UtilityViewController.xib in Resources */ = {isa = PBXBuildFile; fileRef = 3DB78BEB1DC26F1100F4EA32 /* UtilityViewController.xib */; };
		3DF438BD1DC2D89700008864 /* UtilityViewController.m in Sources */ = {isa = PBXBuildFile; fileRef = 3DF438BC1DC2D89700008864 /* UtilityViewController.m */; };
		3DF438CE1DC2F60A00008864 /* NMSSH.framework in Frameworks */ = {isa = PBXBuildFile; fileRef = 3DF438CD1DC2F60A00008864 /* NMSSH.framework */; };
		3DF438CF1DC2F96000008864 /* NMSSH.framework in Resources */ = {isa = PBXBuildFile; fileRef = 3DF438CD1DC2F60A00008864 /* NMSSH.framework */; };
		3DF438D11DC2FA5600008864 /* Cocoa.framework in Frameworks */ = {isa = PBXBuildFile; fileRef = 3DF438D01DC2FA5600008864 /* Cocoa.framework */; };
		612C45921DD4803100809E7E /* icon.png in Resources */ = {isa = PBXBuildFile; fileRef = 612C45911DD4803100809E7E /* icon.png */; };
		616BDF071DC31D120014472D /* NMSSH.framework in CopyFiles */ = {isa = PBXBuildFile; fileRef = 3DF438CD1DC2F60A00008864 /* NMSSH.framework */; settings = {ATTRIBUTES = (CodeSignOnCopy, RemoveHeadersOnCopy, ); }; };
		6187D0861DD3443A004EAEFA /* Reachability.m in Sources */ = {isa = PBXBuildFile; fileRef = 6187D0851DD3443A004EAEFA /* Reachability.m */; };
		9E92FBBA1DD5D5B3002BE3C8 /* RapidClassDump.m in Sources */ = {isa = PBXBuildFile; fileRef = 9E92FBB91DD5D5B3002BE3C8 /* RapidClassDump.m */; };
/* End PBXBuildFile section */

/* Begin PBXCopyFilesBuildPhase section */
		616BDF061DC31CE20014472D /* CopyFiles */ = {
			isa = PBXCopyFilesBuildPhase;
			buildActionMask = 2147483647;
			dstPath = "";
			dstSubfolderSpec = 10;
			files = (
				616BDF071DC31D120014472D /* NMSSH.framework in CopyFiles */,
			);
			runOnlyForDeploymentPostprocessing = 0;
		};
/* End PBXCopyFilesBuildPhase section */

/* Begin PBXFileReference section */
		3DB78BD51DC26E4800F4EA32 /* UtilityApp.app */ = {isa = PBXFileReference; explicitFileType = wrapper.application; includeInIndex = 0; path = UtilityApp.app; sourceTree = BUILT_PRODUCTS_DIR; };
		3DB78BD81DC26E4800F4EA32 /* AppDelegate.h */ = {isa = PBXFileReference; lastKnownFileType = sourcecode.c.h; path = AppDelegate.h; sourceTree = "<group>"; };
		3DB78BD91DC26E4800F4EA32 /* AppDelegate.m */ = {isa = PBXFileReference; lastKnownFileType = sourcecode.c.objc; path = AppDelegate.m; sourceTree = "<group>"; };
		3DB78BDC1DC26E4800F4EA32 /* main.m */ = {isa = PBXFileReference; lastKnownFileType = sourcecode.c.objc; path = main.m; sourceTree = "<group>"; };
		3DB78BDE1DC26E4800F4EA32 /* Assets.xcassets */ = {isa = PBXFileReference; lastKnownFileType = folder.assetcatalog; path = Assets.xcassets; sourceTree = "<group>"; };
		3DB78BE11DC26E4800F4EA32 /* Base */ = {isa = PBXFileReference; lastKnownFileType = file.xib; name = Base; path = Base.lproj/MainMenu.xib; sourceTree = "<group>"; };
		3DB78BE31DC26E4800F4EA32 /* Info.plist */ = {isa = PBXFileReference; lastKnownFileType = text.plist.xml; path = Info.plist; sourceTree = "<group>"; };
		3DB78BE91DC26F1100F4EA32 /* UtilityViewController.h */ = {isa = PBXFileReference; fileEncoding = 4; lastKnownFileType = sourcecode.c.h; path = UtilityViewController.h; sourceTree = "<group>"; };
		3DB78BEB1DC26F1100F4EA32 /* UtilityViewController.xib */ = {isa = PBXFileReference; fileEncoding = 4; lastKnownFileType = file.xib; path = UtilityViewController.xib; sourceTree = "<group>"; };
		3DF438BC1DC2D89700008864 /* UtilityViewController.m */ = {isa = PBXFileReference; fileEncoding = 4; lastKnownFileType = sourcecode.c.objc; path = UtilityViewController.m; sourceTree = "<group>"; };
		3DF438CD1DC2F60A00008864 /* NMSSH.framework */ = {isa = PBXFileReference; lastKnownFileType = wrapper.framework; name = NMSSH.framework; path = UtilityApp/NMSSH.framework; sourceTree = "<group>"; };
		3DF438D01DC2FA5600008864 /* Cocoa.framework */ = {isa = PBXFileReference; lastKnownFileType = wrapper.framework; name = Cocoa.framework; path = System/Library/Frameworks/Cocoa.framework; sourceTree = SDKROOT; };
		612C45911DD4803100809E7E /* icon.png */ = {isa = PBXFileReference; lastKnownFileType = image.png; path = icon.png; sourceTree = "<group>"; };
		6187D0841DD3442A004EAEFA /* Reachability.h */ = {isa = PBXFileReference; lastKnownFileType = sourcecode.c.h; path = Reachability.h; sourceTree = "<group>"; };
		6187D0851DD3443A004EAEFA /* Reachability.m */ = {isa = PBXFileReference; fileEncoding = 4; lastKnownFileType = sourcecode.c.objc; path = Reachability.m; sourceTree = "<group>"; };
		9E92FBB81DD5D5B3002BE3C8 /* RapidClassDump.h */ = {isa = PBXFileReference; fileEncoding = 4; lastKnownFileType = sourcecode.c.h; path = RapidClassDump.h; sourceTree = "<group>"; };
		9E92FBB91DD5D5B3002BE3C8 /* RapidClassDump.m */ = {isa = PBXFileReference; fileEncoding = 4; lastKnownFileType = sourcecode.c.objc; path = RapidClassDump.m; sourceTree = "<group>"; };
/* End PBXFileReference section */

/* Begin PBXFrameworksBuildPhase section */
		3DB78BD21DC26E4800F4EA32 /* Frameworks */ = {
			isa = PBXFrameworksBuildPhase;
			buildActionMask = 2147483647;
			files = (
				3DF438D11DC2FA5600008864 /* Cocoa.framework in Frameworks */,
				3DF438CE1DC2F60A00008864 /* NMSSH.framework in Frameworks */,
			);
			runOnlyForDeploymentPostprocessing = 0;
		};
/* End PBXFrameworksBuildPhase section */

/* Begin PBXGroup section */
		3DB78BCC1DC26E4800F4EA32 = {
			isa = PBXGroup;
			children = (
				3DF438D01DC2FA5600008864 /* Cocoa.framework */,
				3DF438CD1DC2F60A00008864 /* NMSSH.framework */,
				3DB78BD71DC26E4800F4EA32 /* UtilityApp */,
				3DB78BD61DC26E4800F4EA32 /* Products */,
			);
			sourceTree = "<group>";
		};
		3DB78BD61DC26E4800F4EA32 /* Products */ = {
			isa = PBXGroup;
			children = (
				3DB78BD51DC26E4800F4EA32 /* UtilityApp.app */,
			);
			name = Products;
			sourceTree = "<group>";
		};
		3DB78BD71DC26E4800F4EA32 /* UtilityApp */ = {
			isa = PBXGroup;
			children = (
				6187D0831DD34414004EAEFA /* Reachbility */,
				3DB78BD81DC26E4800F4EA32 /* AppDelegate.h */,
				3DB78BD91DC26E4800F4EA32 /* AppDelegate.m */,
				3DB78BE91DC26F1100F4EA32 /* UtilityViewController.h */,
				9E92FBB81DD5D5B3002BE3C8 /* RapidClassDump.h */,
				9E92FBB91DD5D5B3002BE3C8 /* RapidClassDump.m */,
				3DF438BC1DC2D89700008864 /* UtilityViewController.m */,
				3DB78BEB1DC26F1100F4EA32 /* UtilityViewController.xib */,
				3DB78BDE1DC26E4800F4EA32 /* Assets.xcassets */,
				3DB78BE01DC26E4800F4EA32 /* MainMenu.xib */,
				3DB78BE31DC26E4800F4EA32 /* Info.plist */,
				612C45911DD4803100809E7E /* icon.png */,
				3DB78BDB1DC26E4800F4EA32 /* Supporting Files */,
			);
			path = UtilityApp;
			sourceTree = "<group>";
		};
		3DB78BDB1DC26E4800F4EA32 /* Supporting Files */ = {
			isa = PBXGroup;
			children = (
				3DB78BDC1DC26E4800F4EA32 /* main.m */,
			);
			name = "Supporting Files";
			sourceTree = "<group>";
		};
		6187D0831DD34414004EAEFA /* Reachbility */ = {
			isa = PBXGroup;
			children = (
				6187D0851DD3443A004EAEFA /* Reachability.m */,
				6187D0841DD3442A004EAEFA /* Reachability.h */,
			);
			name = Reachbility;
			sourceTree = "<group>";
		};
/* End PBXGroup section */

/* Begin PBXNativeTarget section */
		3DB78BD41DC26E4800F4EA32 /* UtilityApp */ = {
			isa = PBXNativeTarget;
			buildConfigurationList = 3DB78BE61DC26E4800F4EA32 /* Build configuration list for PBXNativeTarget "UtilityApp" */;
			buildPhases = (
				3DB78BD11DC26E4800F4EA32 /* Sources */,
				3DB78BD21DC26E4800F4EA32 /* Frameworks */,
				3DB78BD31DC26E4800F4EA32 /* Resources */,
				616BDF061DC31CE20014472D /* CopyFiles */,
			);
			buildRules = (
			);
			dependencies = (
			);
			name = UtilityApp;
			productName = UtilityApp;
			productReference = 3DB78BD51DC26E4800F4EA32 /* UtilityApp.app */;
			productType = "com.apple.product-type.application";
		};
/* End PBXNativeTarget section */

/* Begin PBXProject section */
		3DB78BCD1DC26E4800F4EA32 /* Project object */ = {
			isa = PBXProject;
			attributes = {
				LastUpgradeCheck = 0730;
				ORGANIZATIONNAME = iBase;
				TargetAttributes = {
					3DB78BD41DC26E4800F4EA32 = {
						CreatedOnToolsVersion = 7.3.1;
					};
				};
			};
			buildConfigurationList = 3DB78BD01DC26E4800F4EA32 /* Build configuration list for PBXProject "UtilityApp" */;
			compatibilityVersion = "Xcode 3.2";
			developmentRegion = English;
			hasScannedForEncodings = 0;
			knownRegions = (
				en,
				Base,
			);
			mainGroup = 3DB78BCC1DC26E4800F4EA32;
			productRefGroup = 3DB78BD61DC26E4800F4EA32 /* Products */;
			projectDirPath = "";
			projectRoot = "";
			targets = (
				3DB78BD41DC26E4800F4EA32 /* UtilityApp */,
			);
		};
/* End PBXProject section */

/* Begin PBXResourcesBuildPhase section */
		3DB78BD31DC26E4800F4EA32 /* Resources */ = {
			isa = PBXResourcesBuildPhase;
			buildActionMask = 2147483647;
			files = (
				3DF438CF1DC2F96000008864 /* NMSSH.framework in Resources */,
				3DB78BDF1DC26E4800F4EA32 /* Assets.xcassets in Resources */,
				3DB78BED1DC26F1100F4EA32 /* UtilityViewController.xib in Resources */,
				612C45921DD4803100809E7E /* icon.png in Resources */,
				3DB78BE21DC26E4800F4EA32 /* MainMenu.xib in Resources */,
			);
			runOnlyForDeploymentPostprocessing = 0;
		};
/* End PBXResourcesBuildPhase section */

/* Begin PBXSourcesBuildPhase section */
		3DB78BD11DC26E4800F4EA32 /* Sources */ = {
			isa = PBXSourcesBuildPhase;
			buildActionMask = 2147483647;
			files = (
				3DB78BDD1DC26E4800F4EA32 /* main.m in Sources */,
				3DB78BDA1DC26E4800F4EA32 /* AppDelegate.m in Sources */,
				9E92FBBA1DD5D5B3002BE3C8 /* RapidClassDump.m in Sources */,
				6187D0861DD3443A004EAEFA /* Reachability.m in Sources */,
				3DF438BD1DC2D89700008864 /* UtilityViewController.m in Sources */,
			);
			runOnlyForDeploymentPostprocessing = 0;
		};
/* End PBXSourcesBuildPhase section */

/* Begin PBXVariantGroup section */
		3DB78BE01DC26E4800F4EA32 /* MainMenu.xib */ = {
			isa = PBXVariantGroup;
			children = (
				3DB78BE11DC26E4800F4EA32 /* Base */,
			);
			name = MainMenu.xib;
			sourceTree = "<group>";
		};
/* End PBXVariantGroup section */

/* Begin XCBuildConfiguration section */
		3DB78BE41DC26E4800F4EA32 /* Debug */ = {
			isa = XCBuildConfiguration;
			buildSettings = {
				ALWAYS_SEARCH_USER_PATHS = NO;
				CLANG_ANALYZER_NONNULL = YES;
				CLANG_CXX_LANGUAGE_STANDARD = "gnu++0x";
				CLANG_CXX_LIBRARY = "libc++";
				CLANG_ENABLE_MODULES = YES;
				CLANG_ENABLE_OBJC_ARC = YES;
				CLANG_WARN_BOOL_CONVERSION = YES;
				CLANG_WARN_CONSTANT_CONVERSION = YES;
				CLANG_WARN_DIRECT_OBJC_ISA_USAGE = YES_ERROR;
				CLANG_WARN_EMPTY_BODY = YES;
				CLANG_WARN_ENUM_CONVERSION = YES;
				CLANG_WARN_INT_CONVERSION = YES;
				CLANG_WARN_OBJC_ROOT_CLASS = YES_ERROR;
				CLANG_WARN_UNREACHABLE_CODE = YES;
				CLANG_WARN__DUPLICATE_METHOD_MATCH = YES;
				CODE_SIGN_IDENTITY = "-";
				COPY_PHASE_STRIP = NO;
				DEBUG_INFORMATION_FORMAT = dwarf;
				ENABLE_STRICT_OBJC_MSGSEND = YES;
				ENABLE_TESTABILITY = YES;
				GCC_C_LANGUAGE_STANDARD = gnu99;
				GCC_DYNAMIC_NO_PIC = NO;
				GCC_NO_COMMON_BLOCKS = YES;
				GCC_OPTIMIZATION_LEVEL = 0;
				GCC_PREPROCESSOR_DEFINITIONS = (
					"DEBUG=1",
					"$(inherited)",
				);
				GCC_WARN_64_TO_32_BIT_CONVERSION = YES;
				GCC_WARN_ABOUT_RETURN_TYPE = YES_ERROR;
				GCC_WARN_UNDECLARED_SELECTOR = YES;
				GCC_WARN_UNINITIALIZED_AUTOS = YES_AGGRESSIVE;
				GCC_WARN_UNUSED_FUNCTION = YES;
				GCC_WARN_UNUSED_VARIABLE = YES;
				MACOSX_DEPLOYMENT_TARGET = 10.11;
				MTL_ENABLE_DEBUG_INFO = YES;
				ONLY_ACTIVE_ARCH = YES;
				SDKROOT = macosx;
			};
			name = Debug;
		};
		3DB78BE51DC26E4800F4EA32 /* Release */ = {
			isa = XCBuildConfiguration;
			buildSettings = {
				ALWAYS_SEARCH_USER_PATHS = NO;
				CLANG_ANALYZER_NONNULL = YES;
				CLANG_CXX_LANGUAGE_STANDARD = "gnu++0x";
				CLANG_CXX_LIBRARY = "libc++";
				CLANG_ENABLE_MODULES = YES;
				CLANG_ENABLE_OBJC_ARC = YES;
				CLANG_WARN_BOOL_CONVERSION = YES;
				CLANG_WARN_CONSTANT_CONVERSION = YES;
				CLANG_WARN_DIRECT_OBJC_ISA_USAGE = YES_ERROR;
				CLANG_WARN_EMPTY_BODY = YES;
				CLANG_WARN_ENUM_CONVERSION = YES;
				CLANG_WARN_INT_CONVERSION = YES;
				CLANG_WARN_OBJC_ROOT_CLASS = YES_ERROR;
				CLANG_WARN_UNREACHABLE_CODE = YES;
				CLANG_WARN__DUPLICATE_METHOD_MATCH = YES;
				CODE_SIGN_IDENTITY = "-";
				COPY_PHASE_STRIP = NO;
				DEBUG_INFORMATION_FORMAT = "dwarf-with-dsym";
				ENABLE_NS_ASSERTIONS = NO;
				ENABLE_STRICT_OBJC_MSGSEND = YES;
				GCC_C_LANGUAGE_STANDARD = gnu99;
				GCC_NO_COMMON_BLOCKS = YES;
				GCC_WARN_64_TO_32_BIT_CONVERSION = YES;
				GCC_WARN_ABOUT_RETURN_TYPE = YES_ERROR;
				GCC_WARN_UNDECLARED_SELECTOR = YES;
				GCC_WARN_UNINITIALIZED_AUTOS = YES_AGGRESSIVE;
				GCC_WARN_UNUSED_FUNCTION = YES;
				GCC_WARN_UNUSED_VARIABLE = YES;
				MACOSX_DEPLOYMENT_TARGET = 10.11;
				MTL_ENABLE_DEBUG_INFO = NO;
				SDKROOT = macosx;
			};
			name = Release;
		};
		3DB78BE71DC26E4800F4EA32 /* Debug */ = {
			isa = XCBuildConfiguration;
			buildSettings = {
				ASSETCATALOG_COMPILER_APPICON_NAME = AppIcon;
				COMBINE_HIDPI_IMAGES = YES;
				FRAMEWORK_SEARCH_PATHS = (
					"$(inherited)",
					"$(PROJECT_DIR)/UtilityApp/frameworks",
					"$(PROJECT_DIR)/UtilityApp",
				);
				INFOPLIST_FILE = UtilityApp/Info.plist;
				LD_RUNPATH_SEARCH_PATHS = "$(inherited) @executable_path/../Frameworks";
				PRODUCT_BUNDLE_IDENTIFIER = com.ibase.UtilityApp;
				PRODUCT_NAME = "$(TARGET_NAME)";
			};
			name = Debug;
		};
		3DB78BE81DC26E4800F4EA32 /* Release */ = {
			isa = XCBuildConfiguration;
			buildSettings = {
				ASSETCATALOG_COMPILER_APPICON_NAME = AppIcon;
				COMBINE_HIDPI_IMAGES = YES;
				FRAMEWORK_SEARCH_PATHS = (
					"$(inherited)",
					"$(PROJECT_DIR)/UtilityApp/frameworks",
					"$(PROJECT_DIR)/UtilityApp",
				);
				INFOPLIST_FILE = UtilityApp/Info.plist;
				LD_RUNPATH_SEARCH_PATHS = "$(inherited) @executable_path/../Frameworks";
				PRODUCT_BUNDLE_IDENTIFIER = com.ibase.UtilityApp;
				PRODUCT_NAME = "$(TARGET_NAME)";
			};
			name = Release;
		};
/* End XCBuildConfiguration section */

/* Begin XCConfigurationList section */
		3DB78BD01DC26E4800F4EA32 /* Build configuration list for PBXProject "UtilityApp" */ = {
			isa = XCConfigurationList;
			buildConfigurations = (
				3DB78BE41DC26E4800F4EA32 /* Debug */,
				3DB78BE51DC26E4800F4EA32 /* Release */,
			);
			defaultConfigurationIsVisible = 0;
			defaultConfigurationName = Release;
		};
		3DB78BE61DC26E4800F4EA32 /* Build configuration list for PBXNativeTarget "UtilityApp" */ = {
			isa = XCConfigurationList;
			buildConfigurations = (
				3DB78BE71DC26E4800F4EA32 /* Debug */,
				3DB78BE81DC26E4800F4EA32 /* Release */,
			);
			defaultConfigurationIsVisible = 0;
			defaultConfigurationName = Release;
		};
/* End XCConfigurationList section */
	};
	rootObject = 3DB78BCD1DC26E4800F4EA32 /* Project object */;
}
